hash: a8a96bb198264adedf8a272d4db83023ba16b905eee74689ea1c0e6245735e26
updated: 2018-12-21T06:31:50.760426+07:00
imports:
- name: github.com/mattn/go-oci8
  version: 247e199a1d6bd2e0de63501ab85a8548203788c0
- name: github.com/pkg/errors
  version: 059132a15dd08d6704c67711dae0cf35ab991756
- name: github.com/subosito/gotenv
  version: 69b5b6104433beb2cb9c3ce00bdadf3c7c2d3f34
- name: gopkg.in/goracle.v2
  version: 9eac426a85970e972d921632b949d758834c0b7f
testImports: []
