hash: c3d5ea4f59f1996c4f232249d3052923ccf76033bd2719f2332b2931154d4087
updated: 2019-01-04T08:08:47.042583+07:00
imports:
- name: github.com/go-kit/kit
  version: 12210fb6ace19e0496167bb3e667dcd91fa9f69b
  subpackages:
  - log
- name: github.com/go-logfmt/logfmt
  version: 07c9b44f60d7ffdfb7d8efe1ad539965737836dc
- name: github.com/gorilla/context
  version: aed02d124ae4a0e94fea4541c8effd05bf0c8296
- name: github.com/gorilla/mux
  version: 9fa818a44c2bf1396a17f9d5a3c0f6dd39d2ff8e
- name: github.com/kr/logfmt
  version: b84e30acd515aadc4b783ad4ff83aff3299bdfe0
- name: github.com/pkg/errors
  version: ba968bfe8b2f7e042a574c888954fccecfa385b4
- name: github.com/subosito/gotenv
  version: 69b5b6104433beb2cb9c3ce00bdadf3c7c2d3f34
- name: gopkg.in/goracle.v2
  version: 9eac426a85970e972d921632b949d758834c0b7f
testImports: []
